
Microsoft Visual Studio Solution File, Format Version 12.00
# Visual Studio 14
VisualStudioVersion = 14.0.25420.1
MinimumVisualStudioVersion = 10.0.40219.1
Project("{FAE04EC0-301F-11D3-BF4B-00C04F79EFBC}") = "ITI.UI40Smart.MVC.Day01", "ITI.UI40Smart.MVC.Day01\ITI.UI40Smart.MVC.Day01.csproj", "{B959CDC6-CB1B-4551-8AC3-E3A300E50769}"
EndProject
Global
	GlobalSection(SolutionConfigurationPlatforms) = preSolution
		Debug|Any CPU = Debug|Any CPU
		Release|Any CPU = Release|Any CPU
	EndGlobalSection
	GlobalSection(ProjectConfigurationPlatforms) = postSolution
		{B959CDC6-CB1B-4551-8AC3-E3A300E50769}.Debug|Any CPU.ActiveCfg = Debug|Any CPU
		{B959CDC6-CB1B-4551-8AC3-E3A300E50769}.Debug|Any CPU.Build.0 = Debug|Any CPU
		{B959CDC6-CB1B-4551-8AC3-E3A300E50769}.Release|Any CPU.ActiveCfg = Release|Any CPU
		{B959CDC6-CB1B-4551-8AC3-E3A300E50769}.Release|Any CPU.Build.0 = Release|Any CPU
	EndGlobalSection
	GlobalSection(SolutionProperties) = preSolution
		HideSolutionNode = FALSE
	EndGlobalSection
EndGlobal
